// !$*UTF8*$!
{
	archiveVersion = 1;
	classes = {
	};
	objectVersion = 50;
	objects = {

/* Begin PBXBuildFile section */
		961A2E1F220DDA95001A95E6 /* AppDelegate.swift in Sources */ = {isa = PBXBuildFile; fileRef = 961A2E1E220DDA95001A95E6 /* AppDelegate.swift */; };
		961A2E21220DDA95001A95E6 /* ViewController.swift in Sources */ = {isa = PBXBuildFile; fileRef = 961A2E20220DDA95001A95E6 /* ViewController.swift */; };
		961A2E24220DDA95001A95E6 /* Main.storyboard in Resources */ = {isa = PBXBuildFile; fileRef = 961A2E22220DDA95001A95E6 /* Main.storyboard */; };
		961A2E26220DDA97001A95E6 /* Assets.xcassets in Resources */ = {isa = PBXBuildFile; fileRef = 961A2E25220DDA97001A95E6 /* Assets.xcassets */; };
		961A2E29220DDA97001A95E6 /* LaunchScreen.storyboard in Resources */ = {isa = PBXBuildFile; fileRef = 961A2E27220DDA97001A95E6 /* LaunchScreen.storyboard */; };
		961A2E34220DDA97001A95E6 /* TestTests.swift in Sources */ = {isa = PBXBuildFile; fileRef = 961A2E33220DDA97001A95E6 /* TestTests.swift */; };
		961A2E3F220DDA97001A95E6 /* TestUITests.swift in Sources */ = {isa = PBXBuildFile; fileRef = 961A2E3E220DDA97001A95E6 /* TestUITests.swift */; };
		961A2E4D220DDD4A001A95E6 /* APIKeys.swift in Sources */ = {isa = PBXBuildFile; fileRef = 961A2E4C220DDD4A001A95E6 /* APIKeys.swift */; };
/* End PBXBuildFile section */

/* Begin PBXContainerItemProxy section */
		961A2E30220DDA97001A95E6 /* PBXContainerItemProxy */ = {
			isa = PBXContainerItemProxy;
			containerPortal = 961A2E13220DDA94001A95E6 /* Project object */;
			proxyType = 1;
			remoteGlobalIDString = 961A2E1A220DDA95001A95E6;
			remoteInfo = Test;
		};
		961A2E3B220DDA97001A95E6 /* PBXContainerItemProxy */ = {
			isa = PBXContainerItemProxy;
			containerPortal = 961A2E13220DDA94001A95E6 /* Project object */;
			proxyType = 1;
			remoteGlobalIDString = 961A2E1A220DDA95001A95E6;
			remoteInfo = Test;
		};
/* End PBXContainerItemProxy section */

/* Begin PBXFileReference section */
		961A2E1B220DDA95001A95E6 /* Test.app */ = {isa = PBXFileReference; explicitFileType = wrapper.application; includeInIndex = 0; path = Test.app; sourceTree = BUILT_PRODUCTS_DIR; };
		961A2E1E220DDA95001A95E6 /* AppDelegate.swift */ = {isa = PBXFileReference; lastKnownFileType = sourcecode.swift; path = AppDelegate.swift; sourceTree = "<group>"; };
		961A2E20220DDA95001A95E6 /* ViewController.swift */ = {isa = PBXFileReference; lastKnownFileType = sourcecode.swift; path = ViewController.swift; sourceTree = "<group>"; };
		961A2E23220DDA95001A95E6 /* Base */ = {isa = PBXFileReference; lastKnownFileType = file.storyboard; name = Base; path = Base.lproj/Main.storyboard; sourceTree = "<group>"; };
		961A2E25220DDA97001A95E6 /* Assets.xcassets */ = {isa = PBXFileReference; lastKnownFileType = folder.assetcatalog; path = Assets.xcassets; sourceTree = "<group>"; };
		961A2E28220DDA97001A95E6 /* Base */ = {isa = PBXFileReference; lastKnownFileType = file.storyboard; name = Base; path = Base.lproj/LaunchScreen.storyboard; sourceTree = "<group>"; };
		961A2E2A220DDA97001A95E6 /* Info.plist */ = {isa = PBXFileReference; lastKnownFileType = text.plist.xml; path = Info.plist; sourceTree = "<group>"; };
		961A2E2F220DDA97001A95E6 /* TestTests.xctest */ = {isa = PBXFileReference; explicitFileType = wrapper.cfbundle; includeInIndex = 0; path = TestTests.xctest; sourceTree = BUILT_PRODUCTS_DIR; };
		961A2E33220DDA97001A95E6 /* TestTests.swift */ = {isa = PBXFileReference; lastKnownFileType = sourcecode.swift; path = TestTests.swift; sourceTree = "<group>"; };
		961A2E35220DDA97001A95E6 /* Info.plist */ = {isa = PBXFileReference; lastKnownFileType = text.plist.xml; path = Info.plist; sourceTree = "<group>"; };
		961A2E3A220DDA97001A95E6 /* TestUITests.xctest */ = {isa = PBXFileReference; explicitFileType = wrapper.cfbundle; includeInIndex = 0; path = TestUITests.xctest; sourceTree = BUILT_PRODUCTS_DIR; };
		961A2E3E220DDA97001A95E6 /* TestUITests.swift */ = {isa = PBXFileReference; lastKnownFileType = sourcecode.swift; path = TestUITests.swift; sourceTree = "<group>"; };
		961A2E40220DDA97001A95E6 /* Info.plist */ = {isa = PBXFileReference; lastKnownFileType = text.plist.xml; path = Info.plist; sourceTree = "<group>"; };
		961A2E4C220DDD4A001A95E6 /* APIKeys.swift */ = {isa = PBXFileReference; lastKnownFileType = sourcecode.swift; path = APIKeys.swift; sourceTree = "<group>"; };
/* End PBXFileReference section */

/* Begin PBXFrameworksBuildPhase section */
		961A2E18220DDA95001A95E6 /* Frameworks */ = {
			isa = PBXFrameworksBuildPhase;
			buildActionMask = 2147483647;
			files = (
			);
			runOnlyForDeploymentPostprocessing = 0;
		};
		961A2E2C220DDA97001A95E6 /* Frameworks */ = {
			isa = PBXFrameworksBuildPhase;
			buildActionMask = 2147483647;
			files = (
			);
			runOnlyForDeploymentPostprocessing = 0;
		};
		961A2E37220DDA97001A95E6 /* Frameworks */ = {
			isa = PBXFrameworksBuildPhase;
			buildActionMask = 2147483647;
			files = (
			);
			runOnlyForDeploymentPostprocessing = 0;
		};
/* End PBXFrameworksBuildPhase section */

/* Begin PBXGroup section */
		961A2E12220DDA94001A95E6 = {
			isa = PBXGroup;
			children = (
				961A2E1D220DDA95001A95E6 /* Test */,
				961A2E32220DDA97001A95E6 /* TestTests */,
				961A2E3D220DDA97001A95E6 /* TestUITests */,
				961A2E1C220DDA95001A95E6 /* Products */,
			);
			sourceTree = "<group>";
		};
		961A2E1C220DDA95001A95E6 /* Products */ = {
			isa = PBXGroup;
			children = (
				961A2E1B220DDA95001A95E6 /* Test.app */,
				961A2E2F220DDA97001A95E6 /* TestTests.xctest */,
				961A2E3A220DDA97001A95E6 /* TestUITests.xctest */,
			);
			name = Products;
			sourceTree = "<group>";
		};
		961A2E1D220DDA95001A95E6 /* Test */ = {
			isa = PBXGroup;
			children = (
				961A2E4C220DDD4A001A95E6 /* APIKeys.swift */,
				961A2E1E220DDA95001A95E6 /* AppDelegate.swift */,
				961A2E20220DDA95001A95E6 /* ViewController.swift */,
				961A2E22220DDA95001A95E6 /* Main.storyboard */,
				961A2E25220DDA97001A95E6 /* Assets.xcassets */,
				961A2E27220DDA97001A95E6 /* LaunchScreen.storyboard */,
				961A2E2A220DDA97001A95E6 /* Info.plist */,
			);
			path = Test;
			sourceTree = "<group>";
		};
		961A2E32220DDA97001A95E6 /* TestTests */ = {
			isa = PBXGroup;
			children = (
				961A2E33220DDA97001A95E6 /* TestTests.swift */,
				961A2E35220DDA97001A95E6 /* Info.plist */,
			);
			path = TestTests;
			sourceTree = "<group>";
		};
		961A2E3D220DDA97001A95E6 /* TestUITests */ = {
			isa = PBXGroup;
			children = (
				961A2E3E220DDA97001A95E6 /* TestUITests.swift */,
				961A2E40220DDA97001A95E6 /* Info.plist */,
			);
			path = TestUITests;
			sourceTree = "<group>";
		};
/* End PBXGroup section */

/* Begin PBXNativeTarget section */
		961A2E1A220DDA95001A95E6 /* Test */ = {
			isa = PBXNativeTarget;
			buildConfigurationList = 961A2E43220DDA97001A95E6 /* Build configuration list for PBXNativeTarget "Test" */;
			buildPhases = (
				961A2E17220DDA95001A95E6 /* Sources */,
				961A2E18220DDA95001A95E6 /* Frameworks */,
				961A2E19220DDA95001A95E6 /* Resources */,
			);
			buildRules = (
			);
			dependencies = (
			);
			name = Test;
			productName = Test;
			productReference = 961A2E1B220DDA95001A95E6 /* Test.app */;
			productType = "com.apple.product-type.application";
		};
		961A2E2E220DDA97001A95E6 /* TestTests */ = {
			isa = PBXNativeTarget;
			buildConfigurationList = 961A2E46220DDA97001A95E6 /* Build configuration list for PBXNativeTarget "TestTests" */;
			buildPhases = (
				961A2E2B220DDA97001A95E6 /* Sources */,
				961A2E2C220DDA97001A95E6 /* Frameworks */,
				961A2E2D220DDA97001A95E6 /* Resources */,
			);
			buildRules = (
			);
			dependencies = (
				961A2E31220DDA97001A95E6 /* PBXTargetDependency */,
			);
			name = TestTests;
			productName = TestTests;
			productReference = 961A2E2F220DDA97001A95E6 /* TestTests.xctest */;
			productType = "com.apple.product-type.bundle.unit-test";
		};
		961A2E39220DDA97001A95E6 /* TestUITests */ = {
			isa = PBXNativeTarget;
			buildConfigurationList = 961A2E49220DDA97001A95E6 /* Build configuration list for PBXNativeTarget "TestUITests" */;
			buildPhases = (
				961A2E36220DDA97001A95E6 /* Sources */,
				961A2E37220DDA97001A95E6 /* Frameworks */,
				961A2E38220DDA97001A95E6 /* Resources */,
			);
			buildRules = (
			);
			dependencies = (
				961A2E3C220DDA97001A95E6 /* PBXTargetDependency */,
			);
			name = TestUITests;
			productName = TestUITests;
			productReference = 961A2E3A220DDA97001A95E6 /* TestUITests.xctest */;
			productType = "com.apple.product-type.bundle.ui-testing";
		};
/* End PBXNativeTarget section */

/* Begin PBXProject section */
		961A2E13220DDA94001A95E6 /* Project object */ = {
			isa = PBXProject;
			attributes = {
				LastSwiftUpdateCheck = 1010;
				LastUpgradeCheck = 1010;
				ORGANIZATIONNAME = Jason;
				TargetAttributes = {
					961A2E1A220DDA95001A95E6 = {
						CreatedOnToolsVersion = 10.1;
					};
					961A2E2E220DDA97001A95E6 = {
						CreatedOnToolsVersion = 10.1;
						TestTargetID = 961A2E1A220DDA95001A95E6;
					};
					961A2E39220DDA97001A95E6 = {
						CreatedOnToolsVersion = 10.1;
						TestTargetID = 961A2E1A220DDA95001A95E6;
					};
				};
			};
			buildConfigurationList = 961A2E16220DDA95001A95E6 /* Build configuration list for PBXProject "Test" */;
			compatibilityVersion = "Xcode 9.3";
			developmentRegion = en;
			hasScannedForEncodings = 0;
			knownRegions = (
				en,
				Base,
			);
			mainGroup = 961A2E12220DDA94001A95E6;
			productRefGroup = 961A2E1C220DDA95001A95E6 /* Products */;
			projectDirPath = "";
			projectRoot = "";
			targets = (
				961A2E1A220DDA95001A95E6 /* Test */,
				961A2E2E220DDA97001A95E6 /* TestTests */,
				961A2E39220DDA97001A95E6 /* TestUITests */,
			);
		};
/* End PBXProject section */

/* Begin PBXResourcesBuildPhase section */
		961A2E19220DDA95001A95E6 /* Resources */ = {
			isa = PBXResourcesBuildPhase;
			buildActionMask = 2147483647;
			files = (
				961A2E29220DDA97001A95E6 /* LaunchScreen.storyboard in Resources */,
				961A2E26220DDA97001A95E6 /* Assets.xcassets in Resources */,
				961A2E24220DDA95001A95E6 /* Main.storyboard in Resources */,
			);
			runOnlyForDeploymentPostprocessing = 0;
		};
		961A2E2D220DDA97001A95E6 /* Resources */ = {
			isa = PBXResourcesBuildPhase;
			buildActionMask = 2147483647;
			files = (
			);
			runOnlyForDeploymentPostprocessing = 0;
		};
		961A2E38220DDA97001A95E6 /* Resources */ = {
			isa = PBXResourcesBuildPhase;
			buildActionMask = 2147483647;
			files = (
			);
			runOnlyForDeploymentPostprocessing = 0;
		};
/* End PBXResourcesBuildPhase section */

/* Begin PBXSourcesBuildPhase section */
		961A2E17220DDA95001A95E6 /* Sources */ = {
			isa = PBXSourcesBuildPhase;
			buildActionMask = 2147483647;
			files = (
				961A2E4D220DDD4A001A95E6 /* APIKeys.swift in Sources */,
				961A2E21220DDA95001A95E6 /* ViewController.swift in Sources */,
				961A2E1F220DDA95001A95E6 /* AppDelegate.swift in Sources */,
			);
			runOnlyForDeploymentPostprocessing = 0;
		};
		961A2E2B220DDA97001A95E6 /* Sources */ = {
			isa = PBXSourcesBuildPhase;
			buildActionMask = 2147483647;
			files = (
				961A2E34220DDA97001A95E6 /* TestTests.swift in Sources */,
			);
			runOnlyForDeploymentPostprocessing = 0;
		};
		961A2E36220DDA97001A95E6 /* Sources */ = {
			isa = PBXSourcesBuildPhase;
			buildActionMask = 2147483647;
			files = (
				961A2E3F220DDA97001A95E6 /* TestUITests.swift in Sources */,
			);
			runOnlyForDeploymentPostprocessing = 0;
		};
/* End PBXSourcesBuildPhase section */

/* Begin PBXTargetDependency section */
		961A2E31220DDA97001A95E6 /* PBXTargetDependency */ = {
			isa = PBXTargetDependency;
			target = 961A2E1A220DDA95001A95E6 /* Test */;
			targetProxy = 961A2E30220DDA97001A95E6 /* PBXContainerItemProxy */;
		};
		961A2E3C220DDA97001A95E6 /* PBXTargetDependency */ = {
			isa = PBXTargetDependency;
			target = 961A2E1A220DDA95001A95E6 /* Test */;
			targetProxy = 961A2E3B220DDA97001A95E6 /* PBXContainerItemProxy */;
		};
/* End PBXTargetDependency section */

/* Begin PBXVariantGroup section */
		961A2E22220DDA95001A95E6 /* Main.storyboard */ = {
			isa = PBXVariantGroup;
			children = (
				961A2E23220DDA95001A95E6 /* Base */,
			);
			name = Main.storyboard;
			sourceTree = "<group>";
		};
		961A2E27220DDA97001A95E6 /* LaunchScreen.storyboard */ = {
			isa = PBXVariantGroup;
			children = (
				961A2E28220DDA97001A95E6 /* Base */,
			);
			name = LaunchScreen.storyboard;
			sourceTree = "<group>";
		};
/* End PBXVariantGroup section */

/* Begin XCBuildConfiguration section */
		961A2E41220DDA97001A95E6 /* Debug */ = {
			isa = XCBuildConfiguration;
			buildSettings = {
				ALWAYS_SEARCH_USER_PATHS = NO;
				CLANG_ANALYZER_NONNULL = YES;
				CLANG_ANALYZER_NUMBER_OBJECT_CONVERSION = YES_AGGRESSIVE;
				CLANG_CXX_LANGUAGE_STANDARD = "gnu++14";
				CLANG_CXX_LIBRARY = "libc++";
				CLANG_ENABLE_MODULES = YES;
				CLANG_ENABLE_OBJC_ARC = YES;
				CLANG_ENABLE_OBJC_WEAK = YES;
				CLANG_WARN_BLOCK_CAPTURE_AUTORELEASING = YES;
				CLANG_WARN_BOOL_CONVERSION = YES;
				CLANG_WARN_COMMA = YES;
				CLANG_WARN_CONSTANT_CONVERSION = YES;
				CLANG_WARN_DEPRECATED_OBJC_IMPLEMENTATIONS = YES;
				CLANG_WARN_DIRECT_OBJC_ISA_USAGE = YES_ERROR;
				CLANG_WARN_DOCUMENTATION_COMMENTS = YES;
				CLANG_WARN_EMPTY_BODY = YES;
				CLANG_WARN_ENUM_CONVERSION = YES;
				CLANG_WARN_INFINITE_RECURSION = YES;
				CLANG_WARN_INT_CONVERSION = YES;
				CLANG_WARN_NON_LITERAL_NULL_CONVERSION = YES;
				CLANG_WARN_OBJC_IMPLICIT_RETAIN_SELF = YES;
				CLANG_WARN_OBJC_LITERAL_CONVERSION = YES;
				CLANG_WARN_OBJC_ROOT_CLASS = YES_ERROR;
				CLANG_WARN_RANGE_LOOP_ANALYSIS = YES;
				CLANG_WARN_STRICT_PROTOTYPES = YES;
				CLANG_WARN_SUSPICIOUS_MOVE = YES;
				CLANG_WARN_UNGUARDED_AVAILABILITY = YES_AGGRESSIVE;
				CLANG_WARN_UNREACHABLE_CODE = YES;
				CLANG_WARN__DUPLICATE_METHOD_MATCH = YES;
				CODE_SIGN_IDENTITY = "iPhone Developer";
				COPY_PHASE_STRIP = NO;
				DEBUG_INFORMATION_FORMAT = dwarf;
				ENABLE_STRICT_OBJC_MSGSEND = YES;
				ENABLE_TESTABILITY = YES;
				GCC_C_LANGUAGE_STANDARD = gnu11;
				GCC_DYNAMIC_NO_PIC = NO;
				GCC_NO_COMMON_BLOCKS = YES;
				GCC_OPTIMIZATION_LEVEL = 0;
				GCC_PREPROCESSOR_DEFINITIONS = (
					"DEBUG=1",
					"$(inherited)",
				);
				GCC_WARN_64_TO_32_BIT_CONVERSION = YES;
				GCC_WARN_ABOUT_RETURN_TYPE = YES_ERROR;
				GCC_WARN_UNDECLARED_SELECTOR = YES;
				GCC_WARN_UNINITIALIZED_AUTOS = YES_AGGRESSIVE;
				GCC_WARN_UNUSED_FUNCTION = YES;
				GCC_WARN_UNUSED_VARIABLE = YES;
				IPHONEOS_DEPLOYMENT_TARGET = 12.1;
				MTL_ENABLE_DEBUG_INFO = INCLUDE_SOURCE;
				MTL_FAST_MATH = YES;
				ONLY_ACTIVE_ARCH = YES;
				SDKROOT = iphoneos;
				SWIFT_ACTIVE_COMPILATION_CONDITIONS = DEBUG;
				SWIFT_OPTIMIZATION_LEVEL = "-Onone";
			};
			name = Debug;
		};
		961A2E42220DDA97001A95E6 /* Release */ = {
			isa = XCBuildConfiguration;
			buildSettings = {
				ALWAYS_SEARCH_USER_PATHS = NO;
				CLANG_ANALYZER_NONNULL = YES;
				CLANG_ANALYZER_NUMBER_OBJECT_CONVERSION = YES_AGGRESSIVE;
				CLANG_CXX_LANGUAGE_STANDARD = "gnu++14";
				CLANG_CXX_LIBRARY = "libc++";
				CLANG_ENABLE_MODULES = YES;
				CLANG_ENABLE_OBJC_ARC = YES;
				CLANG_ENABLE_OBJC_WEAK = YES;
				CLANG_WARN_BLOCK_CAPTURE_AUTORELEASING = YES;
				CLANG_WARN_BOOL_CONVERSION = YES;
				CLANG_WARN_COMMA = YES;
				CLANG_WARN_CONSTANT_CONVERSION = YES;
				CLANG_WARN_DEPRECATED_OBJC_IMPLEMENTATIONS = YES;
				CLANG_WARN_DIRECT_OBJC_ISA_USAGE = YES_ERROR;
				CLANG_WARN_DOCUMENTATION_COMMENTS = YES;
				CLANG_WARN_EMPTY_BODY = YES;
				CLANG_WARN_ENUM_CONVERSION = YES;
				CLANG_WARN_INFINITE_RECURSION = YES;
				CLANG_WARN_INT_CONVERSION = YES;
				CLANG_WARN_NON_LITERAL_NULL_CONVERSION = YES;
				CLANG_WARN_OBJC_IMPLICIT_RETAIN_SELF = YES;
				CLANG_WARN_OBJC_LITERAL_CONVERSION = YES;
				CLANG_WARN_OBJC_ROOT_CLASS = YES_ERROR;
				CLANG_WARN_RANGE_LOOP_ANALYSIS = YES;
				CLANG_WARN_STRICT_PROTOTYPES = YES;
				CLANG_WARN_SUSPICIOUS_MOVE = YES;
				CLANG_WARN_UNGUARDED_AVAILABILITY = YES_AGGRESSIVE;
				CLANG_WARN_UNREACHABLE_CODE = YES;
				CLANG_WARN__DUPLICATE_METHOD_MATCH = YES;
				CODE_SIGN_IDENTITY = "iPhone Developer";
				COPY_PHASE_STRIP = NO;
				DEBUG_INFORMATION_FORMAT = "dwarf-with-dsym";
				ENABLE_NS_ASSERTIONS = NO;
				ENABLE_STRICT_OBJC_MSGSEND = YES;
				GCC_C_LANGUAGE_STANDARD = gnu11;
				GCC_NO_COMMON_BLOCKS = YES;
				GCC_WARN_64_TO_32_BIT_CONVERSION = YES;
				GCC_WARN_ABOUT_RETURN_TYPE = YES_ERROR;
				GCC_WARN_UNDECLARED_SELECTOR = YES;
				GCC_WARN_UNINITIALIZED_AUTOS = YES_AGGRESSIVE;
				GCC_WARN_UNUSED_FUNCTION = YES;
				GCC_WARN_UNUSED_VARIABLE = YES;
				IPHONEOS_DEPLOYMENT_TARGET = 12.1;
				MTL_ENABLE_DEBUG_INFO = NO;
				MTL_FAST_MATH = YES;
				SDKROOT = iphoneos;
				SWIFT_COMPILATION_MODE = wholemodule;
				SWIFT_OPTIMIZATION_LEVEL = "-O";
				VALIDATE_PRODUCT = YES;
			};
			name = Release;
		};
		961A2E44220DDA97001A95E6 /* Debug */ = {
			isa = XCBuildConfiguration;
			buildSettings = {
				ASSETCATALOG_COMPILER_APPICON_NAME = AppIcon;
				CODE_SIGN_STYLE = Automatic;
				DEVELOPMENT_TEAM = 9P5SSDN939;
				INFOPLIST_FILE = Test/Info.plist;
				LD_RUNPATH_SEARCH_PATHS = (
					"$(inherited)",
					"@executable_path/Frameworks",
				);
				PRODUCT_BUNDLE_IDENTIFIER = pursuit.Test;
				PRODUCT_NAME = "$(TARGET_NAME)";
				SWIFT_VERSION = 4.2;
				TARGETED_DEVICE_FAMILY = "1,2";
			};
			name = Debug;
		};
		961A2E45220DDA97001A95E6 /* Release */ = {
			isa = XCBuildConfiguration;
			buildSettings = {
				ASSETCATALOG_COMPILER_APPICON_NAME = AppIcon;
				CODE_SIGN_STYLE = Automatic;
				DEVELOPMENT_TEAM = 9P5SSDN939;
				INFOPLIST_FILE = Test/Info.plist;
				LD_RUNPATH_SEARCH_PATHS = (
					"$(inherited)",
					"@executable_path/Frameworks",
				);
				PRODUCT_BUNDLE_IDENTIFIER = pursuit.Test;
				PRODUCT_NAME = "$(TARGET_NAME)";
				SWIFT_VERSION = 4.2;
				TARGETED_DEVICE_FAMILY = "1,2";
			};
			name = Release;
		};
		961A2E47220DDA97001A95E6 /* Debug */ = {
			isa = XCBuildConfiguration;
			buildSettings = {
				ALWAYS_EMBED_SWIFT_STANDARD_LIBRARIES = YES;
				BUNDLE_LOADER = "$(TEST_HOST)";
				CODE_SIGN_STYLE = Automatic;
				DEVELOPMENT_TEAM = 9P5SSDN939;
				INFOPLIST_FILE = TestTests/Info.plist;
				LD_RUNPATH_SEARCH_PATHS = (
					"$(inherited)",
					"@executable_path/Frameworks",
					"@loader_path/Frameworks",
				);
				PRODUCT_BUNDLE_IDENTIFIER = pursuit.TestTests;
				PRODUCT_NAME = "$(TARGET_NAME)";
				SWIFT_VERSION = 4.2;
				TARGETED_DEVICE_FAMILY = "1,2";
				TEST_HOST = "$(BUILT_PRODUCTS_DIR)/Test.app/Test";
			};
			name = Debug;
		};
		961A2E48220DDA97001A95E6 /* Release */ = {
			isa = XCBuildConfiguration;
			buildSettings = {
				ALWAYS_EMBED_SWIFT_STANDARD_LIBRARIES = YES;
				BUNDLE_LOADER = "$(TEST_HOST)";
				CODE_SIGN_STYLE = Automatic;
				DEVELOPMENT_TEAM = 9P5SSDN939;
				INFOPLIST_FILE = TestTests/Info.plist;
				LD_RUNPATH_SEARCH_PATHS = (
					"$(inherited)",
					"@executable_path/Frameworks",
					"@loader_path/Frameworks",
				);
				PRODUCT_BUNDLE_IDENTIFIER = pursuit.TestTests;
				PRODUCT_NAME = "$(TARGET_NAME)";
				SWIFT_VERSION = 4.2;
				TARGETED_DEVICE_FAMILY = "1,2";
				TEST_HOST = "$(BUILT_PRODUCTS_DIR)/Test.app/Test";
			};
			name = Release;
		};
		961A2E4A220DDA97001A95E6 /* Debug */ = {
			isa = XCBuildConfiguration;
			buildSettings = {
				ALWAYS_EMBED_SWIFT_STANDARD_LIBRARIES = YES;
				CODE_SIGN_STYLE = Automatic;
				DEVELOPMENT_TEAM = 9P5SSDN939;
				INFOPLIST_FILE = TestUITests/Info.plist;
				LD_RUNPATH_SEARCH_PATHS = (
					"$(inherited)",
					"@executable_path/Frameworks",
					"@loader_path/Frameworks",
				);
				PRODUCT_BUNDLE_IDENTIFIER = pursuit.TestUITests;
				PRODUCT_NAME = "$(TARGET_NAME)";
				SWIFT_VERSION = 4.2;
				TARGETED_DEVICE_FAMILY = "1,2";
				TEST_TARGET_NAME = Test;
			};
			name = Debug;
		};
		961A2E4B220DDA97001A95E6 /* Release */ = {
			isa = XCBuildConfiguration;
			buildSettings = {
				ALWAYS_EMBED_SWIFT_STANDARD_LIBRARIES = YES;
				CODE_SIGN_STYLE = Automatic;
				DEVELOPMENT_TEAM = 9P5SSDN939;
				INFOPLIST_FILE = TestUITests/Info.plist;
				LD_RUNPATH_SEARCH_PATHS = (
					"$(inherited)",
					"@executable_path/Frameworks",
					"@loader_path/Frameworks",
				);
				PRODUCT_BUNDLE_IDENTIFIER = pursuit.TestUITests;
				PRODUCT_NAME = "$(TARGET_NAME)";
				SWIFT_VERSION = 4.2;
				TARGETED_DEVICE_FAMILY = "1,2";
				TEST_TARGET_NAME = Test;
			};
			name = Release;
		};
/* End XCBuildConfiguration section */

/* Begin XCConfigurationList section */
		961A2E16220DDA95001A95E6 /* Build configuration list for PBXProject "Test" */ = {
			isa = XCConfigurationList;
			buildConfigurations = (
				961A2E41220DDA97001A95E6 /* Debug */,
				961A2E42220DDA97001A95E6 /* Release */,
			);
			defaultConfigurationIsVisible = 0;
			defaultConfigurationName = Release;
		};
		961A2E43220DDA97001A95E6 /* Build configuration list for PBXNativeTarget "Test" */ = {
			isa = XCConfigurationList;
			buildConfigurations = (
				961A2E44220DDA97001A95E6 /* Debug */,
				961A2E45220DDA97001A95E6 /* Release */,
			);
			defaultConfigurationIsVisible = 0;
			defaultConfigurationName = Release;
		};
		961A2E46220DDA97001A95E6 /* Build configuration list for PBXNativeTarget "TestTests" */ = {
			isa = XCConfigurationList;
			buildConfigurations = (
				961A2E47220DDA97001A95E6 /* Debug */,
				961A2E48220DDA97001A95E6 /* Release */,
			);
			defaultConfigurationIsVisible = 0;
			defaultConfigurationName = Release;
		};
		961A2E49220DDA97001A95E6 /* Build configuration list for PBXNativeTarget "TestUITests" */ = {
			isa = XCConfigurationList;
			buildConfigurations = (
				961A2E4A220DDA97001A95E6 /* Debug */,
				961A2E4B220DDA97001A95E6 /* Release */,
			);
			defaultConfigurationIsVisible = 0;
			defaultConfigurationName = Release;
		};
/* End XCConfigurationList section */
	};
	rootObject = 961A2E13220DDA94001A95E6 /* Project object */;
}
